
Microsoft Visual Studio Solution File, Format Version 12.00
# Visual Studio 15
VisualStudioVersion = 15.0.28307.136
MinimumVisualStudioVersion = 10.0.40219.1
Project("{FAE04EC0-301F-11D3-BF4B-00C04F79EFBC}") = "WebAppLSV", "WebAppLSV\WebAppLSV.csproj", "{F42CA23B-F7EB-4432-A303-BEEDADE9ED41}"
EndProject
Global
	GlobalSection(SolutionConfigurationPlatforms) = preSolution
		Debug|Any CPU = Debug|Any CPU
		Release|Any CPU = Release|Any CPU
	EndGlobalSection
	GlobalSection(ProjectConfigurationPlatforms) = postSolution
		{F42CA23B-F7EB-4432-A303-BEEDADE9ED41}.Debug|Any CPU.ActiveCfg = Debug|Any CPU
		{F42CA23B-F7EB-4432-A303-BEEDADE9ED41}.Debug|Any CPU.Build.0 = Debug|Any CPU
		{F42CA23B-F7EB-4432-A303-BEEDADE9ED41}.Release|Any CPU.ActiveCfg = Release|Any CPU
		{F42CA23B-F7EB-4432-A303-BEEDADE9ED41}.Release|Any CPU.Build.0 = Release|Any CPU
	EndGlobalSection
	GlobalSection(SolutionProperties) = preSolution
		HideSolutionNode = FALSE
	EndGlobalSection
	GlobalSection(ExtensibilityGlobals) = postSolution
		SolutionGuid = {8347865E-8558-4AFC-A84F-7F201F534406}
	EndGlobalSection
EndGlobal
